// !$*UTF8*$!
{
	archiveVersion = 1;
	classes = {
	};
	objectVersion = 46;
	objects = {

/* Begin PBXBuildFile section */
		4A6D14A91AF1390A003A1708 /* main.m in Sources */ = {isa = PBXBuildFile; fileRef = 4A6D14A81AF1390A003A1708 /* main.m */; };
		4A6D14AC1AF1390A003A1708 /* AppDelegate.m in Sources */ = {isa = PBXBuildFile; fileRef = 4A6D14AB1AF1390A003A1708 /* AppDelegate.m */; };
		4A6D14AF1AF1390A003A1708 /* ViewController.m in Sources */ = {isa = PBXBuildFile; fileRef = 4A6D14AE1AF1390A003A1708 /* ViewController.m */; };
		4A6D14B21AF1390A003A1708 /* Main.storyboard in Resources */ = {isa = PBXBuildFile; fileRef = 4A6D14B01AF1390A003A1708 /* Main.storyboard */; };
		4A6D14B41AF1390A003A1708 /* Images.xcassets in Resources */ = {isa = PBXBuildFile; fileRef = 4A6D14B31AF1390A003A1708 /* Images.xcassets */; };
		4A6D14B71AF1390A003A1708 /* LaunchScreen.xib in Resources */ = {isa = PBXBuildFile; fileRef = 4A6D14B51AF1390A003A1708 /* LaunchScreen.xib */; };
		4A6D14C31AF1390A003A1708 /* JUZ4WomenTests.m in Sources */ = {isa = PBXBuildFile; fileRef = 4A6D14C21AF1390A003A1708 /* JUZ4WomenTests.m */; };
/* End PBXBuildFile section */

/* Begin PBXContainerItemProxy section */
		4A6D14BD1AF1390A003A1708 /* PBXContainerItemProxy */ = {
			isa = PBXContainerItemProxy;
			containerPortal = 4A6D149B1AF1390A003A1708 /* Project object */;
			proxyType = 1;
			remoteGlobalIDString = 4A6D14A21AF1390A003A1708;
			remoteInfo = JUZ4Women;
		};
/* End PBXContainerItemProxy section */

/* Begin PBXFileReference section */
		4A6D14A31AF1390A003A1708 /* JUZ4Women.app */ = {isa = PBXFileReference; explicitFileType = wrapper.application; includeInIndex = 0; path = JUZ4Women.app; sourceTree = BUILT_PRODUCTS_DIR; };
		4A6D14A71AF1390A003A1708 /* Info.plist */ = {isa = PBXFileReference; lastKnownFileType = text.plist.xml; path = Info.plist; sourceTree = "<group>"; };
		4A6D14A81AF1390A003A1708 /* main.m */ = {isa = PBXFileReference; lastKnownFileType = sourcecode.c.objc; path = main.m; sourceTree = "<group>"; };
		4A6D14AA1AF1390A003A1708 /* AppDelegate.h */ = {isa = PBXFileReference; lastKnownFileType = sourcecode.c.h; path = AppDelegate.h; sourceTree = "<group>"; };
		4A6D14AB1AF1390A003A1708 /* AppDelegate.m */ = {isa = PBXFileReference; lastKnownFileType = sourcecode.c.objc; path = AppDelegate.m; sourceTree = "<group>"; };
		4A6D14AD1AF1390A003A1708 /* ViewController.h */ = {isa = PBXFileReference; lastKnownFileType = sourcecode.c.h; path = ViewController.h; sourceTree = "<group>"; };
		4A6D14AE1AF1390A003A1708 /* ViewController.m */ = {isa = PBXFileReference; lastKnownFileType = sourcecode.c.objc; path = ViewController.m; sourceTree = "<group>"; };
		4A6D14B11AF1390A003A1708 /* Base */ = {isa = PBXFileReference; lastKnownFileType = file.storyboard; name = Base; path = Base.lproj/Main.storyboard; sourceTree = "<group>"; };
		4A6D14B31AF1390A003A1708 /* Images.xcassets */ = {isa = PBXFileReference; lastKnownFileType = folder.assetcatalog; path = Images.xcassets; sourceTree = "<group>"; };
		4A6D14B61AF1390A003A1708 /* Base */ = {isa = PBXFileReference; lastKnownFileType = file.xib; name = Base; path = Base.lproj/LaunchScreen.xib; sourceTree = "<group>"; };
		4A6D14BC1AF1390A003A1708 /* JUZ4WomenTests.xctest */ = {isa = PBXFileReference; explicitFileType = wrapper.cfbundle; includeInIndex = 0; path = JUZ4WomenTests.xctest; sourceTree = BUILT_PRODUCTS_DIR; };
		4A6D14C11AF1390A003A1708 /* Info.plist */ = {isa = PBXFileReference; lastKnownFileType = text.plist.xml; path = Info.plist; sourceTree = "<group>"; };
		4A6D14C21AF1390A003A1708 /* JUZ4WomenTests.m */ = {isa = PBXFileReference; lastKnownFileType = sourcecode.c.objc; path = JUZ4WomenTests.m; sourceTree = "<group>"; };
/* End PBXFileReference section */

/* Begin PBXFrameworksBuildPhase section */
		4A6D14A01AF1390A003A1708 /* Frameworks */ = {
			isa = PBXFrameworksBuildPhase;
			buildActionMask = 2147483647;
			files = (
			);
			runOnlyForDeploymentPostprocessing = 0;
		};
		4A6D14B91AF1390A003A1708 /* Frameworks */ = {
			isa = PBXFrameworksBuildPhase;
			buildActionMask = 2147483647;
			files = (
			);
			runOnlyForDeploymentPostprocessing = 0;
		};
/* End PBXFrameworksBuildPhase section */

/* Begin PBXGroup section */
		4A6D149A1AF1390A003A1708 = {
			isa = PBXGroup;
			children = (
				4A6D14A51AF1390A003A1708 /* JUZ4Women */,
				4A6D14BF1AF1390A003A1708 /* JUZ4WomenTests */,
				4A6D14A41AF1390A003A1708 /* Products */,
			);
			sourceTree = "<group>";
		};
		4A6D14A41AF1390A003A1708 /* Products */ = {
			isa = PBXGroup;
			children = (
				4A6D14A31AF1390A003A1708 /* JUZ4Women.app */,
				4A6D14BC1AF1390A003A1708 /* JUZ4WomenTests.xctest */,
			);
			name = Products;
			sourceTree = "<group>";
		};
		4A6D14A51AF1390A003A1708 /* JUZ4Women */ = {
			isa = PBXGroup;
			children = (
				4A6D14AA1AF1390A003A1708 /* AppDelegate.h */,
				4A6D14AB1AF1390A003A1708 /* AppDelegate.m */,
				4A6D14AD1AF1390A003A1708 /* ViewController.h */,
				4A6D14AE1AF1390A003A1708 /* ViewController.m */,
				4A6D14B01AF1390A003A1708 /* Main.storyboard */,
				4A6D14B31AF1390A003A1708 /* Images.xcassets */,
				4A6D14B51AF1390A003A1708 /* LaunchScreen.xib */,
				4A6D14A61AF1390A003A1708 /* Supporting Files */,
			);
			path = JUZ4Women;
			sourceTree = "<group>";
		};
		4A6D14A61AF1390A003A1708 /* Supporting Files */ = {
			isa = PBXGroup;
			children = (
				4A6D14A71AF1390A003A1708 /* Info.plist */,
				4A6D14A81AF1390A003A1708 /* main.m */,
			);
			name = "Supporting Files";
			sourceTree = "<group>";
		};
		4A6D14BF1AF1390A003A1708 /* JUZ4WomenTests */ = {
			isa = PBXGroup;
			children = (
				4A6D14C21AF1390A003A1708 /* JUZ4WomenTests.m */,
				4A6D14C01AF1390A003A1708 /* Supporting Files */,
			);
			path = JUZ4WomenTests;
			sourceTree = "<group>";
		};
		4A6D14C01AF1390A003A1708 /* Supporting Files */ = {
			isa = PBXGroup;
			children = (
				4A6D14C11AF1390A003A1708 /* Info.plist */,
			);
			name = "Supporting Files";
			sourceTree = "<group>";
		};
/* End PBXGroup section */

/* Begin PBXNativeTarget section */
		4A6D14A21AF1390A003A1708 /* JUZ4Women */ = {
			isa = PBXNativeTarget;
			buildConfigurationList = 4A6D14C61AF1390A003A1708 /* Build configuration list for PBXNativeTarget "JUZ4Women" */;
			buildPhases = (
				4A6D149F1AF1390A003A1708 /* Sources */,
				4A6D14A01AF1390A003A1708 /* Frameworks */,
				4A6D14A11AF1390A003A1708 /* Resources */,
			);
			buildRules = (
			);
			dependencies = (
			);
			name = JUZ4Women;
			productName = JUZ4Women;
			productReference = 4A6D14A31AF1390A003A1708 /* JUZ4Women.app */;
			productType = "com.apple.product-type.application";
		};
		4A6D14BB1AF1390A003A1708 /* JUZ4WomenTests */ = {
			isa = PBXNativeTarget;
			buildConfigurationList = 4A6D14C91AF1390A003A1708 /* Build configuration list for PBXNativeTarget "JUZ4WomenTests" */;
			buildPhases = (
				4A6D14B81AF1390A003A1708 /* Sources */,
				4A6D14B91AF1390A003A1708 /* Frameworks */,
				4A6D14BA1AF1390A003A1708 /* Resources */,
			);
			buildRules = (
			);
			dependencies = (
				4A6D14BE1AF1390A003A1708 /* PBXTargetDependency */,
			);
			name = JUZ4WomenTests;
			productName = JUZ4WomenTests;
			productReference = 4A6D14BC1AF1390A003A1708 /* JUZ4WomenTests.xctest */;
			productType = "com.apple.product-type.bundle.unit-test";
		};
/* End PBXNativeTarget section */

/* Begin PBXProject section */
		4A6D149B1AF1390A003A1708 /* Project object */ = {
			isa = PBXProject;
			attributes = {
				LastUpgradeCheck = 0630;
				ORGANIZATIONNAME = "TTN Digital";
				TargetAttributes = {
					4A6D14A21AF1390A003A1708 = {
						CreatedOnToolsVersion = 6.3.1;
					};
					4A6D14BB1AF1390A003A1708 = {
						CreatedOnToolsVersion = 6.3.1;
						TestTargetID = 4A6D14A21AF1390A003A1708;
					};
				};
			};
			buildConfigurationList = 4A6D149E1AF1390A003A1708 /* Build configuration list for PBXProject "JUZ4Women" */;
			compatibilityVersion = "Xcode 3.2";
			developmentRegion = English;
			hasScannedForEncodings = 0;
			knownRegions = (
				en,
				Base,
			);
			mainGroup = 4A6D149A1AF1390A003A1708;
			productRefGroup = 4A6D14A41AF1390A003A1708 /* Products */;
			projectDirPath = "";
			projectRoot = "";
			targets = (
				4A6D14A21AF1390A003A1708 /* JUZ4Women */,
				4A6D14BB1AF1390A003A1708 /* JUZ4WomenTests */,
			);
		};
/* End PBXProject section */

/* Begin PBXResourcesBuildPhase section */
		4A6D14A11AF1390A003A1708 /* Resources */ = {
			isa = PBXResourcesBuildPhase;
			buildActionMask = 2147483647;
			files = (
				4A6D14B21AF1390A003A1708 /* Main.storyboard in Resources */,
				4A6D14B71AF1390A003A1708 /* LaunchScreen.xib in Resources */,
				4A6D14B41AF1390A003A1708 /* Images.xcassets in Resources */,
			);
			runOnlyForDeploymentPostprocessing = 0;
		};
		4A6D14BA1AF1390A003A1708 /* Resources */ = {
			isa = PBXResourcesBuildPhase;
			buildActionMask = 2147483647;
			files = (
			);
			runOnlyForDeploymentPostprocessing = 0;
		};
/* End PBXResourcesBuildPhase section */

/* Begin PBXSourcesBuildPhase section */
		4A6D149F1AF1390A003A1708 /* Sources */ = {
			isa = PBXSourcesBuildPhase;
			buildActionMask = 2147483647;
			files = (
				4A6D14AF1AF1390A003A1708 /* ViewController.m in Sources */,
				4A6D14AC1AF1390A003A1708 /* AppDelegate.m in Sources */,
				4A6D14A91AF1390A003A1708 /* main.m in Sources */,
			);
			runOnlyForDeploymentPostprocessing = 0;
		};
		4A6D14B81AF1390A003A1708 /* Sources */ = {
			isa = PBXSourcesBuildPhase;
			buildActionMask = 2147483647;
			files = (
				4A6D14C31AF1390A003A1708 /* JUZ4WomenTests.m in Sources */,
			);
			runOnlyForDeploymentPostprocessing = 0;
		};
/* End PBXSourcesBuildPhase section */

/* Begin PBXTargetDependency section */
		4A6D14BE1AF1390A003A1708 /* PBXTargetDependency */ = {
			isa = PBXTargetDependency;
			target = 4A6D14A21AF1390A003A1708 /* JUZ4Women */;
			targetProxy = 4A6D14BD1AF1390A003A1708 /* PBXContainerItemProxy */;
		};
/* End PBXTargetDependency section */

/* Begin PBXVariantGroup section */
		4A6D14B01AF1390A003A1708 /* Main.storyboard */ = {
			isa = PBXVariantGroup;
			children = (
				4A6D14B11AF1390A003A1708 /* Base */,
			);
			name = Main.storyboard;
			sourceTree = "<group>";
		};
		4A6D14B51AF1390A003A1708 /* LaunchScreen.xib */ = {
			isa = PBXVariantGroup;
			children = (
				4A6D14B61AF1390A003A1708 /* Base */,
			);
			name = LaunchScreen.xib;
			sourceTree = "<group>";
		};
/* End PBXVariantGroup section */

/* Begin XCBuildConfiguration section */
		4A6D14C41AF1390A003A1708 /* Debug */ = {
			isa = XCBuildConfiguration;
			buildSettings = {
				ALWAYS_SEARCH_USER_PATHS = NO;
				CLANG_CXX_LANGUAGE_STANDARD = "gnu++0x";
				CLANG_CXX_LIBRARY = "libc++";
				CLANG_ENABLE_MODULES = YES;
				CLANG_ENABLE_OBJC_ARC = YES;
				CLANG_WARN_BOOL_CONVERSION = YES;
				CLANG_WARN_CONSTANT_CONVERSION = YES;
				CLANG_WARN_DIRECT_OBJC_ISA_USAGE = YES_ERROR;
				CLANG_WARN_EMPTY_BODY = YES;
				CLANG_WARN_ENUM_CONVERSION = YES;
				CLANG_WARN_INT_CONVERSION = YES;
				CLANG_WARN_OBJC_ROOT_CLASS = YES_ERROR;
				CLANG_WARN_UNREACHABLE_CODE = YES;
				CLANG_WARN__DUPLICATE_METHOD_MATCH = YES;
				"CODE_SIGN_IDENTITY[sdk=iphoneos*]" = "iPhone Developer";
				COPY_PHASE_STRIP = NO;
				DEBUG_INFORMATION_FORMAT = "dwarf-with-dsym";
				ENABLE_STRICT_OBJC_MSGSEND = YES;
				GCC_C_LANGUAGE_STANDARD = gnu99;
				GCC_DYNAMIC_NO_PIC = NO;
				GCC_NO_COMMON_BLOCKS = YES;
				GCC_OPTIMIZATION_LEVEL = 0;
				GCC_PREPROCESSOR_DEFINITIONS = (
					"DEBUG=1",
					"$(inherited)",
				);
				GCC_SYMBOLS_PRIVATE_EXTERN = NO;
				GCC_WARN_64_TO_32_BIT_CONVERSION = YES;
				GCC_WARN_ABOUT_RETURN_TYPE = YES_ERROR;
				GCC_WARN_UNDECLARED_SELECTOR = YES;
				GCC_WARN_UNINITIALIZED_AUTOS = YES_AGGRESSIVE;
				GCC_WARN_UNUSED_FUNCTION = YES;
				GCC_WARN_UNUSED_VARIABLE = YES;
				IPHONEOS_DEPLOYMENT_TARGET = 8.3;
				MTL_ENABLE_DEBUG_INFO = YES;
				ONLY_ACTIVE_ARCH = YES;
				SDKROOT = iphoneos;
			};
			name = Debug;
		};
		4A6D14C51AF1390A003A1708 /* Release */ = {
			isa = XCBuildConfiguration;
			buildSettings = {
				ALWAYS_SEARCH_USER_PATHS = NO;
				CLANG_CXX_LANGUAGE_STANDARD = "gnu++0x";
				CLANG_CXX_LIBRARY = "libc++";
				CLANG_ENABLE_MODULES = YES;
				CLANG_ENABLE_OBJC_ARC = YES;
				CLANG_WARN_BOOL_CONVERSION = YES;
				CLANG_WARN_CONSTANT_CONVERSION = YES;
				CLANG_WARN_DIRECT_OBJC_ISA_USAGE = YES_ERROR;
				CLANG_WARN_EMPTY_BODY = YES;
				CLANG_WARN_ENUM_CONVERSION = YES;
				CLANG_WARN_INT_CONVERSION = YES;
				CLANG_WARN_OBJC_ROOT_CLASS = YES_ERROR;
				CLANG_WARN_UNREACHABLE_CODE = YES;
				CLANG_WARN__DUPLICATE_METHOD_MATCH = YES;
				"CODE_SIGN_IDENTITY[sdk=iphoneos*]" = "iPhone Developer";
				COPY_PHASE_STRIP = NO;
				DEBUG_INFORMATION_FORMAT = "dwarf-with-dsym";
				ENABLE_NS_ASSERTIONS = NO;
				ENABLE_STRICT_OBJC_MSGSEND = YES;
				GCC_C_LANGUAGE_STANDARD = gnu99;
				GCC_NO_COMMON_BLOCKS = YES;
				GCC_WARN_64_TO_32_BIT_CONVERSION = YES;
				GCC_WARN_ABOUT_RETURN_TYPE = YES_ERROR;
				GCC_WARN_UNDECLARED_SELECTOR = YES;
				GCC_WARN_UNINITIALIZED_AUTOS = YES_AGGRESSIVE;
				GCC_WARN_UNUSED_FUNCTION = YES;
				GCC_WARN_UNUSED_VARIABLE = YES;
				IPHONEOS_DEPLOYMENT_TARGET = 8.3;
				MTL_ENABLE_DEBUG_INFO = NO;
				SDKROOT = iphoneos;
				VALIDATE_PRODUCT = YES;
			};
			name = Release;
		};
		4A6D14C71AF1390A003A1708 /* Debug */ = {
			isa = XCBuildConfiguration;
			buildSettings = {
				ASSETCATALOG_COMPILER_APPICON_NAME = AppIcon;
				INFOPLIST_FILE = JUZ4Women/Info.plist;
				LD_RUNPATH_SEARCH_PATHS = "$(inherited) @executable_path/Frameworks";
				PRODUCT_NAME = "$(TARGET_NAME)";
			};
			name = Debug;
		};
		4A6D14C81AF1390A003A1708 /* Release */ = {
			isa = XCBuildConfiguration;
			buildSettings = {
				ASSETCATALOG_COMPILER_APPICON_NAME = AppIcon;
				INFOPLIST_FILE = JUZ4Women/Info.plist;
				LD_RUNPATH_SEARCH_PATHS = "$(inherited) @executable_path/Frameworks";
				PRODUCT_NAME = "$(TARGET_NAME)";
			};
			name = Release;
		};
		4A6D14CA1AF1390A003A1708 /* Debug */ = {
			isa = XCBuildConfiguration;
			buildSettings = {
				BUNDLE_LOADER = "$(TEST_HOST)";
				FRAMEWORK_SEARCH_PATHS = (
					"$(SDKROOT)/Developer/Library/Frameworks",
					"$(inherited)",
				);
				GCC_PREPROCESSOR_DEFINITIONS = (
					"DEBUG=1",
					"$(inherited)",
				);
				INFOPLIST_FILE = JUZ4WomenTests/Info.plist;
				LD_RUNPATH_SEARCH_PATHS = "$(inherited) @executable_path/Frameworks @loader_path/Frameworks";
				PRODUCT_NAME = "$(TARGET_NAME)";
				TEST_HOST = "$(BUILT_PRODUCTS_DIR)/JUZ4Women.app/JUZ4Women";
			};
			name = Debug;
		};
		4A6D14CB1AF1390A003A1708 /* Release */ = {
			isa = XCBuildConfiguration;
			buildSettings = {
				BUNDLE_LOADER = "$(TEST_HOST)";
				FRAMEWORK_SEARCH_PATHS = (
					"$(SDKROOT)/Developer/Library/Frameworks",
					"$(inherited)",
				);
				INFOPLIST_FILE = JUZ4WomenTests/Info.plist;
				LD_RUNPATH_SEARCH_PATHS = "$(inherited) @executable_path/Frameworks @loader_path/Frameworks";
				PRODUCT_NAME = "$(TARGET_NAME)";
				TEST_HOST = "$(BUILT_PRODUCTS_DIR)/JUZ4Women.app/JUZ4Women";
			};
			name = Release;
		};
/* End XCBuildConfiguration section */

/* Begin XCConfigurationList section */
		4A6D149E1AF1390A003A1708 /* Build configuration list for PBXProject "JUZ4Women" */ = {
			isa = XCConfigurationList;
			buildConfigurations = (
				4A6D14C41AF1390A003A1708 /* Debug */,
				4A6D14C51AF1390A003A1708 /* Release */,
			);
			defaultConfigurationIsVisible = 0;
			defaultConfigurationName = Release;
		};
		4A6D14C61AF1390A003A1708 /* Build configuration list for PBXNativeTarget "JUZ4Women" */ = {
			isa = XCConfigurationList;
			buildConfigurations = (
				4A6D14C71AF1390A003A1708 /* Debug */,
				4A6D14C81AF1390A003A1708 /* Release */,
			);
			defaultConfigurationIsVisible = 0;
		};
		4A6D14C91AF1390A003A1708 /* Build configuration list for PBXNativeTarget "JUZ4WomenTests" */ = {
			isa = XCConfigurationList;
			buildConfigurations = (
				4A6D14CA1AF1390A003A1708 /* Debug */,
				4A6D14CB1AF1390A003A1708 /* Release */,
			);
			defaultConfigurationIsVisible = 0;
		};
/* End XCConfigurationList section */
	};
	rootObject = 4A6D149B1AF1390A003A1708 /* Project object */;
}
